
Microsoft Visual Studio Solution File, Format Version 11.00
# Visual C++ Express 2010
Project("{8BC9CEB8-8B4A-11D0-8D11-00A0C91BC942}") = "52poker-vs2010", "52poker-vs2010\52poker-vs2010.vcxproj", "{A0C18E13-390C-4C45-A41E-BC987E9F6546}"
EndProject
Global
	GlobalSection(SolutionConfigurationPlatforms) = preSolution
		Debug|Win32 = Debug|Win32
		Release|Win32 = Release|Win32
	EndGlobalSection
	GlobalSection(ProjectConfigurationPlatforms) = postSolution
		{A0C18E13-390C-4C45-A41E-BC987E9F6546}.Debug|Win32.ActiveCfg = Debug|Win32
		{A0C18E13-390C-4C45-A41E-BC987E9F6546}.Debug|Win32.Build.0 = Debug|Win32
		{A0C18E13-390C-4C45-A41E-BC987E9F6546}.Release|Win32.ActiveCfg = Release|Win32
		{A0C18E13-390C-4C45-A41E-BC987E9F6546}.Release|Win32.Build.0 = Release|Win32
	EndGlobalSection
	GlobalSection(SolutionProperties) = preSolution
		HideSolutionNode = FALSE
	EndGlobalSection
EndGlobal
